<?xml version="1.0" encoding="utf-8"?>
<Project ToolsVersion="4.0" xmlns="http://schemas.microsoft.com/developer/msbuild/2003">
  <ItemGroup>
    <Filter Include="Source Files">
      <UniqueIdentifier>{4FC737F1-C7A5-4376-A066-2A32D752A2FF}</UniqueIdentifier>
      <Extensions>cpp;c;cc;cxx;c++;cppm;ixx;def;odl;idl;hpj;bat;asm;asmx</Extensions>
    </Filter>
    <Filter Include="Header Files">
      <UniqueIdentifier>{93995380-89BD-4b04-88EB-625FBE52EBFB}</UniqueIdentifier>
      <Extensions>h;hh;hpp;hxx;h++;hm;inl;inc;ipp;xsd</Extensions>
    </Filter>
    <Filter Include="Resource Files">
      <UniqueIdentifier>{67DA6AB6-F800-4c08-8B7A-83BB121AAD01}</UniqueIdentifier>
      <Extensions>rc;ico;cur;bmp;dlg;rc2;rct;bin;rgs;gif;jpg;jpeg;jpe;resx;tiff;tif;png;wav;mfcribbon-ms</Extensions>
    </Filter>
  </ItemGroup>
  <ItemGroup>
    <ClCompile Include="OOP.Problems.cpp">
      <Filter>Source Files</Filter>
    </ClCompile>
    <ClCompile Include="P1.cpp">
      <Filter>Source Files</Filter>
    </ClCompile>
    <ClCompile Include="P2.cpp">
      <Filter>Source Files</Filter>
    </ClCompile>
    <ClCompile Include="P3.cpp">
      <Filter>Source Files</Filter>
    </ClCompile>
    <ClCompile Include="P4.cpp">
      <Filter>Source Files</Filter>
    </ClCompile>
    <ClCompile Include="P5.cpp">
      <Filter>Source Files</Filter>
    </ClCompile>
    <ClCompile Include="P6.cpp">
      <Filter>Source Files</Filter>
    </ClCompile>
    <ClCompile Include="P7.cpp">
      <Filter>Source Files</Filter>
    </ClCompile>
    <ClCompile Include="P8.cpp">
      <Filter>Source Files</Filter>
    </ClCompile>
    <ClCompile Include="P9.cpp">
      <Filter>Source Files</Filter>
    </ClCompile>
    <ClCompile Include="P10.cpp">
      <Filter>Source Files</Filter>
    </ClCompile>
    <ClCompile Include="P11.cpp">
      <Filter>Source Files</Filter>
    </ClCompile>
    <ClCompile Include="P12.cpp">
      <Filter>Source Files</Filter>
    </ClCompile>
    <ClCompile Include="P13.cpp">
      <Filter>Source Files</Filter>
    </ClCompile>
    <ClCompile Include="P14.cpp">
      <Filter>Source Files</Filter>
    </ClCompile>
    <ClCompile Include="P15.cpp">
      <Filter>Source Files</Filter>
    </ClCompile>
    <ClCompile Include="P16.cpp">
      <Filter>Source Files</Filter>
    </ClCompile>
    <ClCompile Include="P17.cpp">
      <Filter>Source Files</Filter>
    </ClCompile>
    <ClCompile Include="P18.cpp">
      <Filter>Source Files</Filter>
    </ClCompile>
    <ClCompile Include="P19.cpp">
      <Filter>Source Files</Filter>
    </ClCompile>
    <ClCompile Include="P20.cpp">
      <Filter>Source Files</Filter>
    </ClCompile>
    <ClCompile Include="P21.cpp">
      <Filter>Source Files</Filter>
    </ClCompile>
    <ClCompile Include="P22.cpp">
      <Filter>Source Files</Filter>
    </ClCompile>
    <ClCompile Include="P23.cpp">
      <Filter>Source Files</Filter>
    </ClCompile>
    <ClCompile Include="P24.cpp">
      <Filter>Source Files</Filter>
    </ClCompile>
    <ClCompile Include="P25.cpp">
      <Filter>Source Files</Filter>
    </ClCompile>
    <ClCompile Include="P26.cpp">
      <Filter>Source Files</Filter>
    </ClCompile>
    <ClCompile Include="P27.cpp">
      <Filter>Source Files</Filter>
    </ClCompile>
    <ClCompile Include="P28.cpp">
      <Filter>Source Files</Filter>
    </ClCompile>
    <ClCompile Include="P29.cpp">
      <Filter>Source Files</Filter>
    </ClCompile>
    <ClCompile Include="P30.cpp">
      <Filter>Source Files</Filter>
    </ClCompile>
    <ClCompile Include="P31.cpp">
      <Filter>Source Files</Filter>
    </ClCompile>
    <ClCompile Include="P32.cpp">
      <Filter>Source Files</Filter>
    </ClCompile>
    <ClCompile Include="P33.cpp">
      <Filter>Source Files</Filter>
    </ClCompile>
    <ClCompile Include="P34.cpp">
      <Filter>Source Files</Filter>
    </ClCompile>
    <ClCompile Include="P35.cpp">
      <Filter>Source Files</Filter>
    </ClCompile>
    <ClCompile Include="P36.cpp">
      <Filter>Source Files</Filter>
    </ClCompile>
    <ClCompile Include="P37.cpp">
      <Filter>Source Files</Filter>
    </ClCompile>
    <ClCompile Include="P38.cpp">
      <Filter>Source Files</Filter>
    </ClCompile>
    <ClCompile Include="P39.cpp">
      <Filter>Source Files</Filter>
    </ClCompile>
    <ClCompile Include="P40.cpp">
      <Filter>Source Files</Filter>
    </ClCompile>
    <ClCompile Include="P41.cpp">
      <Filter>Source Files</Filter>
    </ClCompile>
    <ClCompile Include="P42.cpp">
      <Filter>Source Files</Filter>
    </ClCompile>
    <ClCompile Include="P43.cpp">
      <Filter>Source Files</Filter>
    </ClCompile>
    <ClCompile Include="P44.cpp">
      <Filter>Source Files</Filter>
    </ClCompile>
    <ClCompile Include="P45.cpp">
      <Filter>Source Files</Filter>
    </ClCompile>
    <ClCompile Include="P46.cpp">
      <Filter>Source Files</Filter>
    </ClCompile>
    <ClCompile Include="P47.cpp">
      <Filter>Source Files</Filter>
    </ClCompile>
    <ClCompile Include="P48.cpp">
      <Filter>Source Files</Filter>
    </ClCompile>
    <ClCompile Include="P49.cpp">
      <Filter>Source Files</Filter>
    </ClCompile>
    <ClCompile Include="P50.cpp">
      <Filter>Source Files</Filter>
    </ClCompile>
    <ClCompile Include="P51.cpp">
      <Filter>Source Files</Filter>
    </ClCompile>
    <ClCompile Include="P52.cpp">
      <Filter>Source Files</Filter>
    </ClCompile>
    <ClCompile Include="P53.cpp">
      <Filter>Source Files</Filter>
    </ClCompile>
    <ClCompile Include="P54.cpp">
      <Filter>Source Files</Filter>
    </ClCompile>
    <ClCompile Include="P55.cpp">
      <Filter>Source Files</Filter>
    </ClCompile>
    <ClCompile Include="P56.cpp">
      <Filter>Source Files</Filter>
    </ClCompile>
    <ClCompile Include="P57.cpp">
      <Filter>Source Files</Filter>
    </ClCompile>
    <ClCompile Include="P58.cpp">
      <Filter>Source Files</Filter>
    </ClCompile>
    <ClCompile Include="P59.cpp">
      <Filter>Source Files</Filter>
    </ClCompile>
    <ClCompile Include="P60.cpp">
      <Filter>Source Files</Filter>
    </ClCompile>
  </ItemGroup>
</Project>